<?xml version="1.0" encoding="utf-8"?>
<Project ToolsVersion="4.0" xmlns="http://schemas.microsoft.com/developer/msbuild/2003">
  <ItemGroup>
    <ClCompile Include="Main.cpp" />
    <ClCompile Include="ImGui\imgui.cpp">
      <Filter>ImGui</Filter>
    </ClCompile>
    <ClCompile Include="ImGui\imgui_demo.cpp">
      <Filter>ImGui</Filter>
    </ClCompile>
    <ClCompile Include="ImGui\imgui_draw.cpp">
      <Filter>ImGui</Filter>
    </ClCompile>
    <ClCompile Include="ImGui\imgui_impl_dx9.cpp">
      <Filter>ImGui</Filter>
    </ClCompile>
    <ClCompile Include="ImGui\imgui_impl_win32.cpp">
      <Filter>ImGui</Filter>
    </ClCompile>
    <ClCompile Include="ImGui\imgui_tables.cpp">
      <Filter>ImGui</Filter>
    </ClCompile>
    <ClCompile Include="ImGui\imgui_widgets.cpp">
      <Filter>ImGui</Filter>
    </ClCompile>
    <ClCompile Include="ImGui\ImGuiEditor.cpp" />
    <ClCompile Include="ImGui\ImGuiHook.cpp">
      <Filter>hook</Filter>
    </ClCompile>
    <ClCompile Include="thirdparty\kiero\kiero.cpp">
      <Filter>hook\kiero</Filter>
    </ClCompile>
    <ClCompile Include="thirdparty\kiero\minhook\src\trampoline.c">
      <Filter>hook\minhook</Filter>
    </ClCompile>
    <ClCompile Include="thirdparty\kiero\minhook\src\buffer.c">
      <Filter>hook\minhook</Filter>
    </ClCompile>
    <ClCompile Include="thirdparty\kiero\minhook\src\hook.c">
      <Filter>hook\minhook</Filter>
    </ClCompile>
  </ItemGroup>
  <ItemGroup>
    <None Include="README.md" />
  </ItemGroup>
  <ItemGroup>
    <Filter Include="ImGui">
      <UniqueIdentifier>{54b05701-6db4-4f9e-a455-2680a1c5d3ef}</UniqueIdentifier>
    </Filter>
    <Filter Include="hook">
      <UniqueIdentifier>{219a972c-9bb2-45c9-b6fc-1d2e08b02118}</UniqueIdentifier>
    </Filter>
    <Filter Include="hook\kiero">
      <UniqueIdentifier>{515ee315-f072-4053-b6a0-6899af54e598}</UniqueIdentifier>
    </Filter>
    <Filter Include="hook\minhook">
      <UniqueIdentifier>{b5ed25f0-abb4-4748-ad6d-b769d7e91649}</UniqueIdentifier>
    </Filter>
  </ItemGroup>
  <ItemGroup>
    <ClInclude Include="ImGui\imconfig.h">
      <Filter>ImGui</Filter>
    </ClInclude>
    <ClInclude Include="ImGui\imgui.h">
      <Filter>ImGui</Filter>
    </ClInclude>
    <ClInclude Include="ImGui\imgui_impl_dx9.h">
      <Filter>ImGui</Filter>
    </ClInclude>
    <ClInclude Include="ImGui\imgui_impl_win32.h">
      <Filter>ImGui</Filter>
    </ClInclude>
    <ClInclude Include="ImGui\imgui_internal.h">
      <Filter>ImGui</Filter>
    </ClInclude>
    <ClInclude Include="ImGui\imstb_rectpack.h">
      <Filter>ImGui</Filter>
    </ClInclude>
    <ClInclude Include="ImGui\imstb_textedit.h">
      <Filter>ImGui</Filter>
    </ClInclude>
    <ClInclude Include="ImGui\imstb_truetype.h">
      <Filter>ImGui</Filter>
    </ClInclude>
    <ClInclude Include="ImGui\ImGuiEditor.h" />
    <ClInclude Include="ImGui\ImGuiHook.h">
      <Filter>hook</Filter>
    </ClInclude>
    <ClInclude Include="thirdparty\kiero\kiero.h">
      <Filter>hook\kiero</Filter>
    </ClInclude>
    <ClInclude Include="thirdparty\kiero\minhook\src\trampoline.h">
      <Filter>hook\minhook</Filter>
    </ClInclude>
    <ClInclude Include="thirdparty\kiero\minhook\src\buffer.h">
      <Filter>hook\minhook</Filter>
    </ClInclude>
  </ItemGroup>
</Project>